
Microsoft Visual Studio Solution File, Format Version 12.00
# Visual Studio Version 16
VisualStudioVersion = 16.0.31729.503
MinimumVisualStudioVersion = 10.0.40219.1
Project("{FAE04EC0-301F-11D3-BF4B-00C04F79EFBC}") = "Exercicio01Condicional", "Exercicio01Condicional.csproj", "{D5484633-A57B-42D2-8298-8BC3B41BA9B3}"
EndProject
Global
	GlobalSection(SolutionConfigurationPlatforms) = preSolution
		Debug|Any CPU = Debug|Any CPU
		Release|Any CPU = Release|Any CPU
	EndGlobalSection
	GlobalSection(ProjectConfigurationPlatforms) = postSolution
		{D5484633-A57B-42D2-8298-8BC3B41BA9B3}.Debug|Any CPU.ActiveCfg = Debug|Any CPU
		{D5484633-A57B-42D2-8298-8BC3B41BA9B3}.Debug|Any CPU.Build.0 = Debug|Any CPU
		{D5484633-A57B-42D2-8298-8BC3B41BA9B3}.Release|Any CPU.ActiveCfg = Release|Any CPU
		{D5484633-A57B-42D2-8298-8BC3B41BA9B3}.Release|Any CPU.Build.0 = Release|Any CPU
	EndGlobalSection
	GlobalSection(SolutionProperties) = preSolution
		HideSolutionNode = FALSE
	EndGlobalSection
	GlobalSection(ExtensibilityGlobals) = postSolution
		SolutionGuid = {BE4AA1F1-96B4-4993-B2F7-D7EC8A5A8550}
	EndGlobalSection
EndGlobal
